{
  "name": "eusable-workflows",
  "lockfileVersion": 3,
  "requires": true,
  "packages": {
    "": {
      "name": "eusable-workflows",
      "license": "MIT",
      "devDependencies": {
        "@krudi/prettier-config": "^0.1.6"
      },
      "engines": {
        "node": ">= 22.18.0",
        "npm": ">= 11.6.2"
      }
    },
    "node_modules/@krudi/prettier-config": {
      "version": "0.1.6",
      "resolved": "https://registry.npmjs.org/@krudi/prettier-config/-/prettier-config-0.1.6.tgz",
      "integrity": "sha512-iH3h0Lt5vux14KOGa1Y2yUVaAU5ErGZqajXlII2v9/ZN6qNhZju4BSjIbMOpf3YYQDX+G1Vz0sE6Za0SLb8XHw==",
      "dev": true,
      "license": "MIT",
      "dependencies": {
        "prettier": "^3.6.2"
      },
      "engines": {
        "node": ">= 22.18.0",
        "npm": ">= 10.8.1"
      }
    },
    "node_modules/prettier": {
      "version": "3.6.2",
      "dev": true,
      "license": "MIT",
      "bin": {
        "prettier": "bin/prettier.cjs"
      },
      "engines": {
        "node": ">=14"
      },
      "funding": {
        "url": "https://github.com/prettier/prettier?sponsor=1"
      }
    }
  }
}
